// !$*UTF8*$!
{
	archiveVersion = 1;
	classes = {
	};
	objectVersion = 50;
	objects = {

/* Begin PBXBuildFile section */
		095F1D225CAD40287C48D5DE /* libPods-Data.a in Frameworks */ = {isa = PBXBuildFile; fileRef = DD8ADC7C5160A8F58934E601 /* libPods-Data.a */; };
		0E2E047B2590C86A00F4A0E9 /* SaveTransactionsWirhDatabaseUseCase.swift in Sources */ = {isa = PBXBuildFile; fileRef = 0E2E047A2590C86A00F4A0E9 /* SaveTransactionsWirhDatabaseUseCase.swift */; };
		0E2E047F2590C87C00F4A0E9 /* GetTransactionsWithDatabaseUseCase.swift in Sources */ = {isa = PBXBuildFile; fileRef = 0E2E047E2590C87C00F4A0E9 /* GetTransactionsWithDatabaseUseCase.swift */; };
		0E484FC42594FCD500FDB46C /* SaveProfileWithDatabaseUseCase.swift in Sources */ = {isa = PBXBuildFile; fileRef = 0E484FC32594FCD500FDB46C /* SaveProfileWithDatabaseUseCase.swift */; };
		0E484FCA2595016F00FDB46C /* GetProfileWithDatabaseCoreDataUseCase.swift in Sources */ = {isa = PBXBuildFile; fileRef = 0E484FC92595016F00FDB46C /* GetProfileWithDatabaseCoreDataUseCase.swift */; };
		0E6FB7D4258E623F009AD36E /* Transactions+CoreDataClass.swift in Sources */ = {isa = PBXBuildFile; fileRef = 0E6FB7D2258E623F009AD36E /* Transactions+CoreDataClass.swift */; };
		0E6FB7D5258E623F009AD36E /* Transactions+CoreDataProperties.swift in Sources */ = {isa = PBXBuildFile; fileRef = 0E6FB7D3258E623F009AD36E /* Transactions+CoreDataProperties.swift */; };
		0EAC458D258A4FCA00657C6F /* CoreDataManager.swift in Sources */ = {isa = PBXBuildFile; fileRef = 0EAC458C258A4FCA00657C6F /* CoreDataManager.swift */; };
		0EAC4592258A558C00657C6F /* Data.xcdatamodeld in Sources */ = {isa = PBXBuildFile; fileRef = 0EAC4590258A558C00657C6F /* Data.xcdatamodeld */; };
		0EAC45A2258A585700657C6F /* CoreDataProvider.swift in Sources */ = {isa = PBXBuildFile; fileRef = 0EAC45A1258A585700657C6F /* CoreDataProvider.swift */; };
		0EAFCE762597837800D8A11F /* TransactionsManager.swift in Sources */ = {isa = PBXBuildFile; fileRef = 0EAFCE752597837800D8A11F /* TransactionsManager.swift */; };
		0EAFCE7B2597878700D8A11F /* GetTransactionsUseCase.swift in Sources */ = {isa = PBXBuildFile; fileRef = 0EAFCE7A2597878700D8A11F /* GetTransactionsUseCase.swift */; };
		0EAFCE81259790DE00D8A11F /* DeleteTransactionUseCase.swift in Sources */ = {isa = PBXBuildFile; fileRef = 0EAFCE80259790DE00D8A11F /* DeleteTransactionUseCase.swift */; };
		0EAFCE85259793BB00D8A11F /* SaveTransactionUseCase.swift in Sources */ = {isa = PBXBuildFile; fileRef = 0EAFCE84259793BB00D8A11F /* SaveTransactionUseCase.swift */; };
		0EB763302596239800BB4230 /* TransactionModel.swift in Sources */ = {isa = PBXBuildFile; fileRef = 0EB7632F2596239800BB4230 /* TransactionModel.swift */; };
		0EB7633A25962BBA00BB4230 /* ProfileModel.swift in Sources */ = {isa = PBXBuildFile; fileRef = 0EB7633925962BBA00BB4230 /* ProfileModel.swift */; };
		0ECBC3822583773000DF612E /* Data.framework in Frameworks */ = {isa = PBXBuildFile; fileRef = 0ECBC3782583772F00DF612E /* Data.framework */; };
		0ECBC3872583773000DF612E /* DataTests.swift in Sources */ = {isa = PBXBuildFile; fileRef = 0ECBC3862583773000DF612E /* DataTests.swift */; };
		0ECBC3892583773000DF612E /* Data.h in Headers */ = {isa = PBXBuildFile; fileRef = 0ECBC37B2583772F00DF612E /* Data.h */; settings = {ATTRIBUTES = (Public, ); }; };
		0ECBC40125837A3600DF612E /* Core.framework in Frameworks */ = {isa = PBXBuildFile; fileRef = 0ECBC40025837A3600DF612E /* Core.framework */; };
		0ED16CED25A0600700304F5A /* ClearProfileWithDatabaseUseCase.swift in Sources */ = {isa = PBXBuildFile; fileRef = 0ED16CEC25A0600700304F5A /* ClearProfileWithDatabaseUseCase.swift */; };
		0ED16D0B25A0719B00304F5A /* SaveTransactionWithFirestoreUseCase.swift in Sources */ = {isa = PBXBuildFile; fileRef = 0ED16D0A25A0719B00304F5A /* SaveTransactionWithFirestoreUseCase.swift */; };
		0ED16D1125A0E04500304F5A /* GetTransactionWithFirestoreUseCase.swift in Sources */ = {isa = PBXBuildFile; fileRef = 0ED16D1025A0E04500304F5A /* GetTransactionWithFirestoreUseCase.swift */; };
		0EE757A7258BB15D002A5EFE /* Profile+CoreDataClass.swift in Sources */ = {isa = PBXBuildFile; fileRef = 0EE757A5258BB15D002A5EFE /* Profile+CoreDataClass.swift */; };
		0EE757A8258BB15D002A5EFE /* Profile+CoreDataProperties.swift in Sources */ = {isa = PBXBuildFile; fileRef = 0EE757A6258BB15D002A5EFE /* Profile+CoreDataProperties.swift */; };
		0EFF96532596EE8F0077BE4F /* DeleteTransactionWithDatabaseUseCase.swift in Sources */ = {isa = PBXBuildFile; fileRef = 0EFF96522596EE8F0077BE4F /* DeleteTransactionWithDatabaseUseCase.swift */; };
/* End PBXBuildFile section */

/* Begin PBXContainerItemProxy section */
		0ECBC3832583773000DF612E /* PBXContainerItemProxy */ = {
			isa = PBXContainerItemProxy;
			containerPortal = 0ECBC36F2583772F00DF612E /* Project object */;
			proxyType = 1;
			remoteGlobalIDString = 0ECBC3772583772F00DF612E;
			remoteInfo = Data;
		};
/* End PBXContainerItemProxy section */

/* Begin PBXFileReference section */
		0E2E047A2590C86A00F4A0E9 /* SaveTransactionsWirhDatabaseUseCase.swift */ = {isa = PBXFileReference; lastKnownFileType = sourcecode.swift; path = SaveTransactionsWirhDatabaseUseCase.swift; sourceTree = "<group>"; };
		0E2E047E2590C87C00F4A0E9 /* GetTransactionsWithDatabaseUseCase.swift */ = {isa = PBXFileReference; lastKnownFileType = sourcecode.swift; path = GetTransactionsWithDatabaseUseCase.swift; sourceTree = "<group>"; };
		0E484FC32594FCD500FDB46C /* SaveProfileWithDatabaseUseCase.swift */ = {isa = PBXFileReference; lastKnownFileType = sourcecode.swift; path = SaveProfileWithDatabaseUseCase.swift; sourceTree = "<group>"; };
		0E484FC92595016F00FDB46C /* GetProfileWithDatabaseCoreDataUseCase.swift */ = {isa = PBXFileReference; lastKnownFileType = sourcecode.swift; path = GetProfileWithDatabaseCoreDataUseCase.swift; sourceTree = "<group>"; };
		0E6FB7D2258E623F009AD36E /* Transactions+CoreDataClass.swift */ = {isa = PBXFileReference; lastKnownFileType = sourcecode.swift; path = "Transactions+CoreDataClass.swift"; sourceTree = "<group>"; };
		0E6FB7D3258E623F009AD36E /* Transactions+CoreDataProperties.swift */ = {isa = PBXFileReference; lastKnownFileType = sourcecode.swift; path = "Transactions+CoreDataProperties.swift"; sourceTree = "<group>"; };
		0EAC458C258A4FCA00657C6F /* CoreDataManager.swift */ = {isa = PBXFileReference; lastKnownFileType = sourcecode.swift; path = CoreDataManager.swift; sourceTree = "<group>"; };
		0EAC4591258A558C00657C6F /* Data.xcdatamodel */ = {isa = PBXFileReference; lastKnownFileType = wrapper.xcdatamodel; path = Data.xcdatamodel; sourceTree = "<group>"; };
		0EAC45A1258A585700657C6F /* CoreDataProvider.swift */ = {isa = PBXFileReference; lastKnownFileType = sourcecode.swift; path = CoreDataProvider.swift; sourceTree = "<group>"; };
		0EAFCE752597837800D8A11F /* TransactionsManager.swift */ = {isa = PBXFileReference; lastKnownFileType = sourcecode.swift; path = TransactionsManager.swift; sourceTree = "<group>"; };
		0EAFCE7A2597878700D8A11F /* GetTransactionsUseCase.swift */ = {isa = PBXFileReference; lastKnownFileType = sourcecode.swift; path = GetTransactionsUseCase.swift; sourceTree = "<group>"; };
		0EAFCE80259790DE00D8A11F /* DeleteTransactionUseCase.swift */ = {isa = PBXFileReference; lastKnownFileType = sourcecode.swift; path = DeleteTransactionUseCase.swift; sourceTree = "<group>"; };
		0EAFCE84259793BB00D8A11F /* SaveTransactionUseCase.swift */ = {isa = PBXFileReference; lastKnownFileType = sourcecode.swift; path = SaveTransactionUseCase.swift; sourceTree = "<group>"; };
		0EB7632F2596239800BB4230 /* TransactionModel.swift */ = {isa = PBXFileReference; lastKnownFileType = sourcecode.swift; path = TransactionModel.swift; sourceTree = "<group>"; };
		0EB7633925962BBA00BB4230 /* ProfileModel.swift */ = {isa = PBXFileReference; lastKnownFileType = sourcecode.swift; path = ProfileModel.swift; sourceTree = "<group>"; };
		0ECBC3782583772F00DF612E /* Data.framework */ = {isa = PBXFileReference; explicitFileType = wrapper.framework; includeInIndex = 0; path = Data.framework; sourceTree = BUILT_PRODUCTS_DIR; };
		0ECBC37B2583772F00DF612E /* Data.h */ = {isa = PBXFileReference; lastKnownFileType = sourcecode.c.h; path = Data.h; sourceTree = "<group>"; };
		0ECBC37C2583772F00DF612E /* Info.plist */ = {isa = PBXFileReference; lastKnownFileType = text.plist.xml; path = Info.plist; sourceTree = "<group>"; };
		0ECBC3812583773000DF612E /* DataTests.xctest */ = {isa = PBXFileReference; explicitFileType = wrapper.cfbundle; includeInIndex = 0; path = DataTests.xctest; sourceTree = BUILT_PRODUCTS_DIR; };
		0ECBC3862583773000DF612E /* DataTests.swift */ = {isa = PBXFileReference; lastKnownFileType = sourcecode.swift; path = DataTests.swift; sourceTree = "<group>"; };
		0ECBC3882583773000DF612E /* Info.plist */ = {isa = PBXFileReference; lastKnownFileType = text.plist.xml; path = Info.plist; sourceTree = "<group>"; };
		0ECBC40025837A3600DF612E /* Core.framework */ = {isa = PBXFileReference; explicitFileType = wrapper.framework; path = Core.framework; sourceTree = BUILT_PRODUCTS_DIR; };
		0ED16CEC25A0600700304F5A /* ClearProfileWithDatabaseUseCase.swift */ = {isa = PBXFileReference; lastKnownFileType = sourcecode.swift; path = ClearProfileWithDatabaseUseCase.swift; sourceTree = "<group>"; };
		0ED16D0A25A0719B00304F5A /* SaveTransactionWithFirestoreUseCase.swift */ = {isa = PBXFileReference; fileEncoding = 4; lastKnownFileType = sourcecode.swift; path = SaveTransactionWithFirestoreUseCase.swift; sourceTree = "<group>"; };
		0ED16D1025A0E04500304F5A /* GetTransactionWithFirestoreUseCase.swift */ = {isa = PBXFileReference; lastKnownFileType = sourcecode.swift; path = GetTransactionWithFirestoreUseCase.swift; sourceTree = "<group>"; };
		0EE757A5258BB15D002A5EFE /* Profile+CoreDataClass.swift */ = {isa = PBXFileReference; lastKnownFileType = sourcecode.swift; path = "Profile+CoreDataClass.swift"; sourceTree = "<group>"; };
		0EE757A6258BB15D002A5EFE /* Profile+CoreDataProperties.swift */ = {isa = PBXFileReference; lastKnownFileType = sourcecode.swift; path = "Profile+CoreDataProperties.swift"; sourceTree = "<group>"; };
		0EFF96522596EE8F0077BE4F /* DeleteTransactionWithDatabaseUseCase.swift */ = {isa = PBXFileReference; lastKnownFileType = sourcecode.swift; path = DeleteTransactionWithDatabaseUseCase.swift; sourceTree = "<group>"; };
		B3B1F4F43BD64BB94E16EFF6 /* Pods-Data.release.xcconfig */ = {isa = PBXFileReference; includeInIndex = 1; lastKnownFileType = text.xcconfig; name = "Pods-Data.release.xcconfig"; path = "Target Support Files/Pods-Data/Pods-Data.release.xcconfig"; sourceTree = "<group>"; };
		C48273ACB895E7DF03125EFC /* Pods-Data.debug.xcconfig */ = {isa = PBXFileReference; includeInIndex = 1; lastKnownFileType = text.xcconfig; name = "Pods-Data.debug.xcconfig"; path = "Target Support Files/Pods-Data/Pods-Data.debug.xcconfig"; sourceTree = "<group>"; };
		DD8ADC7C5160A8F58934E601 /* libPods-Data.a */ = {isa = PBXFileReference; explicitFileType = archive.ar; includeInIndex = 0; path = "libPods-Data.a"; sourceTree = BUILT_PRODUCTS_DIR; };
/* End PBXFileReference section */

/* Begin PBXFrameworksBuildPhase section */
		0ECBC3752583772F00DF612E /* Frameworks */ = {
			isa = PBXFrameworksBuildPhase;
			buildActionMask = 2147483647;
			files = (
				095F1D225CAD40287C48D5DE /* libPods-Data.a in Frameworks */,
				0ECBC40125837A3600DF612E /* Core.framework in Frameworks */,
			);
			runOnlyForDeploymentPostprocessing = 0;
		};
		0ECBC37E2583773000DF612E /* Frameworks */ = {
			isa = PBXFrameworksBuildPhase;
			buildActionMask = 2147483647;
			files = (
				0ECBC3822583773000DF612E /* Data.framework in Frameworks */,
			);
			runOnlyForDeploymentPostprocessing = 0;
		};
/* End PBXFrameworksBuildPhase section */

/* Begin PBXGroup section */
		0E2E04782590C83500F4A0E9 /* UseCases */ = {
			isa = PBXGroup;
			children = (
				0E484FC22594FC8A00FDB46C /* Profile */,
				0E2E04792590C84900F4A0E9 /* Transactions */,
			);
			path = UseCases;
			sourceTree = "<group>";
		};
		0E2E04792590C84900F4A0E9 /* Transactions */ = {
			isa = PBXGroup;
			children = (
				0EFF96522596EE8F0077BE4F /* DeleteTransactionWithDatabaseUseCase.swift */,
				0E2E047E2590C87C00F4A0E9 /* GetTransactionsWithDatabaseUseCase.swift */,
				0E2E047A2590C86A00F4A0E9 /* SaveTransactionsWirhDatabaseUseCase.swift */,
			);
			path = Transactions;
			sourceTree = "<group>";
		};
		0E484FC22594FC8A00FDB46C /* Profile */ = {
			isa = PBXGroup;
			children = (
				0ED16CEC25A0600700304F5A /* ClearProfileWithDatabaseUseCase.swift */,
				0E484FC92595016F00FDB46C /* GetProfileWithDatabaseCoreDataUseCase.swift */,
				0E484FC32594FCD500FDB46C /* SaveProfileWithDatabaseUseCase.swift */,
			);
			path = Profile;
			sourceTree = "<group>";
		};
		0E6FB7D1258E6203009AD36E /* Transactions */ = {
			isa = PBXGroup;
			children = (
				0E6FB7D2258E623F009AD36E /* Transactions+CoreDataClass.swift */,
				0E6FB7D3258E623F009AD36E /* Transactions+CoreDataProperties.swift */,
			);
			path = Transactions;
			sourceTree = "<group>";
		};
		0EAC458A258A4F8500657C6F /* CoreData */ = {
			isa = PBXGroup;
			children = (
				0EAC4595258A559A00657C6F /* Database */,
				0EE757A4258BB0CA002A5EFE /* Entities */,
				0EAC4596258A55AA00657C6F /* Managers */,
				0EB7632E2596237100BB4230 /* Models */,
				0EAC45A0258A583F00657C6F /* Provider */,
				0E2E04782590C83500F4A0E9 /* UseCases */,
			);
			path = CoreData;
			sourceTree = "<group>";
		};
		0EAC4595258A559A00657C6F /* Database */ = {
			isa = PBXGroup;
			children = (
				0EAC4590258A558C00657C6F /* Data.xcdatamodeld */,
			);
			path = Database;
			sourceTree = "<group>";
		};
		0EAC4596258A55AA00657C6F /* Managers */ = {
			isa = PBXGroup;
			children = (
				0EAC458C258A4FCA00657C6F /* CoreDataManager.swift */,
			);
			path = Managers;
			sourceTree = "<group>";
		};
		0EAC45A0258A583F00657C6F /* Provider */ = {
			isa = PBXGroup;
			children = (
				0EAC45A1258A585700657C6F /* CoreDataProvider.swift */,
			);
			path = Provider;
			sourceTree = "<group>";
		};
		0EAFCE712597822E00D8A11F /* Transactions */ = {
			isa = PBXGroup;
			children = (
				0EAFCE792597876E00D8A11F /* UseCases */,
				0EAFCE722597824400D8A11F /* Managers */,
			);
			path = Transactions;
			sourceTree = "<group>";
		};
		0EAFCE722597824400D8A11F /* Managers */ = {
			isa = PBXGroup;
			children = (
				0EAFCE752597837800D8A11F /* TransactionsManager.swift */,
			);
			path = Managers;
			sourceTree = "<group>";
		};
		0EAFCE792597876E00D8A11F /* UseCases */ = {
			isa = PBXGroup;
			children = (
				0EAFCE7A2597878700D8A11F /* GetTransactionsUseCase.swift */,
				0EAFCE80259790DE00D8A11F /* DeleteTransactionUseCase.swift */,
				0EAFCE84259793BB00D8A11F /* SaveTransactionUseCase.swift */,
			);
			path = UseCases;
			sourceTree = "<group>";
		};
		0EB7632E2596237100BB4230 /* Models */ = {
			isa = PBXGroup;
			children = (
				0EB7633825962BA600BB4230 /* Profile */,
				0EB7633525962B1300BB4230 /* Transaction */,
			);
			path = Models;
			sourceTree = "<group>";
		};
		0EB7633525962B1300BB4230 /* Transaction */ = {
			isa = PBXGroup;
			children = (
				0EB7632F2596239800BB4230 /* TransactionModel.swift */,
			);
			path = Transaction;
			sourceTree = "<group>";
		};
		0EB7633825962BA600BB4230 /* Profile */ = {
			isa = PBXGroup;
			children = (
				0EB7633925962BBA00BB4230 /* ProfileModel.swift */,
			);
			path = Profile;
			sourceTree = "<group>";
		};
		0ECBC36E2583772F00DF612E = {
			isa = PBXGroup;
			children = (
				0ECBC37A2583772F00DF612E /* Data */,
				0ECBC3852583773000DF612E /* DataTests */,
				0ECBC3792583772F00DF612E /* Products */,
				177BB89F1901DD62186D80D6 /* Pods */,
				51A4B78B3D244CA60D6F548F /* Frameworks */,
			);
			sourceTree = "<group>";
		};
		0ECBC3792583772F00DF612E /* Products */ = {
			isa = PBXGroup;
			children = (
				0ECBC3782583772F00DF612E /* Data.framework */,
				0ECBC3812583773000DF612E /* DataTests.xctest */,
			);
			name = Products;
			sourceTree = "<group>";
		};
		0ECBC37A2583772F00DF612E /* Data */ = {
			isa = PBXGroup;
			children = (
				0ED16D0825A0714100304F5A /* Firestore */,
				0EAFCE712597822E00D8A11F /* Transactions */,
				0EAC458A258A4F8500657C6F /* CoreData */,
				0ECBC37B2583772F00DF612E /* Data.h */,
				0ECBC37C2583772F00DF612E /* Info.plist */,
			);
			path = Data;
			sourceTree = "<group>";
		};
		0ECBC3852583773000DF612E /* DataTests */ = {
			isa = PBXGroup;
			children = (
				0ECBC3862583773000DF612E /* DataTests.swift */,
				0ECBC3882583773000DF612E /* Info.plist */,
			);
			path = DataTests;
			sourceTree = "<group>";
		};
		0ED16D0825A0714100304F5A /* Firestore */ = {
			isa = PBXGroup;
			children = (
				0ED16D0925A0718B00304F5A /* UseCases */,
			);
			path = Firestore;
			sourceTree = "<group>";
		};
		0ED16D0925A0718B00304F5A /* UseCases */ = {
			isa = PBXGroup;
			children = (
				0ED16D0A25A0719B00304F5A /* SaveTransactionWithFirestoreUseCase.swift */,
				0ED16D1025A0E04500304F5A /* GetTransactionWithFirestoreUseCase.swift */,
			);
			path = UseCases;
			sourceTree = "<group>";
		};
		0EE757A4258BB0CA002A5EFE /* Entities */ = {
			isa = PBXGroup;
			children = (
				0EE757AD258BB166002A5EFE /* Profile */,
				0E6FB7D1258E6203009AD36E /* Transactions */,
			);
			path = Entities;
			sourceTree = "<group>";
		};
		0EE757AD258BB166002A5EFE /* Profile */ = {
			isa = PBXGroup;
			children = (
				0EE757A5258BB15D002A5EFE /* Profile+CoreDataClass.swift */,
				0EE757A6258BB15D002A5EFE /* Profile+CoreDataProperties.swift */,
			);
			path = Profile;
			sourceTree = "<group>";
		};
		177BB89F1901DD62186D80D6 /* Pods */ = {
			isa = PBXGroup;
			children = (
				C48273ACB895E7DF03125EFC /* Pods-Data.debug.xcconfig */,
				B3B1F4F43BD64BB94E16EFF6 /* Pods-Data.release.xcconfig */,
			);
			name = Pods;
			path = ../../Pods;
			sourceTree = "<group>";
		};
		51A4B78B3D244CA60D6F548F /* Frameworks */ = {
			isa = PBXGroup;
			children = (
				0ECBC40025837A3600DF612E /* Core.framework */,
				DD8ADC7C5160A8F58934E601 /* libPods-Data.a */,
			);
			name = Frameworks;
			sourceTree = "<group>";
		};
/* End PBXGroup section */

/* Begin PBXHeadersBuildPhase section */
		0ECBC3732583772F00DF612E /* Headers */ = {
			isa = PBXHeadersBuildPhase;
			buildActionMask = 2147483647;
			files = (
				0ECBC3892583773000DF612E /* Data.h in Headers */,
			);
			runOnlyForDeploymentPostprocessing = 0;
		};
/* End PBXHeadersBuildPhase section */

/* Begin PBXNativeTarget section */
		0ECBC3772583772F00DF612E /* Data */ = {
			isa = PBXNativeTarget;
			buildConfigurationList = 0ECBC38C2583773000DF612E /* Build configuration list for PBXNativeTarget "Data" */;
			buildPhases = (
				65B9332B958AAE2F2EF1402F /* [CP] Check Pods Manifest.lock */,
				0ECBC3732583772F00DF612E /* Headers */,
				0ECBC3742583772F00DF612E /* Sources */,
				0ECBC3752583772F00DF612E /* Frameworks */,
				0ECBC3762583772F00DF612E /* Resources */,
			);
			buildRules = (
			);
			dependencies = (
			);
			name = Data;
			productName = Data;
			productReference = 0ECBC3782583772F00DF612E /* Data.framework */;
			productType = "com.apple.product-type.framework";
		};
		0ECBC3802583773000DF612E /* DataTests */ = {
			isa = PBXNativeTarget;
			buildConfigurationList = 0ECBC38F2583773000DF612E /* Build configuration list for PBXNativeTarget "DataTests" */;
			buildPhases = (
				0ECBC37D2583773000DF612E /* Sources */,
				0ECBC37E2583773000DF612E /* Frameworks */,
				0ECBC37F2583773000DF612E /* Resources */,
			);
			buildRules = (
			);
			dependencies = (
				0ECBC3842583773000DF612E /* PBXTargetDependency */,
			);
			name = DataTests;
			productName = DataTests;
			productReference = 0ECBC3812583773000DF612E /* DataTests.xctest */;
			productType = "com.apple.product-type.bundle.unit-test";
		};
/* End PBXNativeTarget section */

/* Begin PBXProject section */
		0ECBC36F2583772F00DF612E /* Project object */ = {
			isa = PBXProject;
			attributes = {
				LastSwiftUpdateCheck = 1220;
				LastUpgradeCheck = 1220;
				TargetAttributes = {
					0ECBC3772583772F00DF612E = {
						CreatedOnToolsVersion = 12.2;
						LastSwiftMigration = 1220;
					};
					0ECBC3802583773000DF612E = {
						CreatedOnToolsVersion = 12.2;
					};
				};
			};
			buildConfigurationList = 0ECBC3722583772F00DF612E /* Build configuration list for PBXProject "Data" */;
			compatibilityVersion = "Xcode 9.3";
			developmentRegion = en;
			hasScannedForEncodings = 0;
			knownRegions = (
				en,
				Base,
			);
			mainGroup = 0ECBC36E2583772F00DF612E;
			productRefGroup = 0ECBC3792583772F00DF612E /* Products */;
			projectDirPath = "";
			projectRoot = "";
			targets = (
				0ECBC3772583772F00DF612E /* Data */,
				0ECBC3802583773000DF612E /* DataTests */,
			);
		};
/* End PBXProject section */

/* Begin PBXResourcesBuildPhase section */
		0ECBC3762583772F00DF612E /* Resources */ = {
			isa = PBXResourcesBuildPhase;
			buildActionMask = 2147483647;
			files = (
			);
			runOnlyForDeploymentPostprocessing = 0;
		};
		0ECBC37F2583773000DF612E /* Resources */ = {
			isa = PBXResourcesBuildPhase;
			buildActionMask = 2147483647;
			files = (
			);
			runOnlyForDeploymentPostprocessing = 0;
		};
/* End PBXResourcesBuildPhase section */

/* Begin PBXShellScriptBuildPhase section */
		65B9332B958AAE2F2EF1402F /* [CP] Check Pods Manifest.lock */ = {
			isa = PBXShellScriptBuildPhase;
			buildActionMask = 2147483647;
			files = (
			);
			inputFileListPaths = (
			);
			inputPaths = (
				"${PODS_PODFILE_DIR_PATH}/Podfile.lock",
				"${PODS_ROOT}/Manifest.lock",
			);
			name = "[CP] Check Pods Manifest.lock";
			outputFileListPaths = (
			);
			outputPaths = (
				"$(DERIVED_FILE_DIR)/Pods-Data-checkManifestLockResult.txt",
			);
			runOnlyForDeploymentPostprocessing = 0;
			shellPath = /bin/sh;
			shellScript = "diff \"${PODS_PODFILE_DIR_PATH}/Podfile.lock\" \"${PODS_ROOT}/Manifest.lock\" > /dev/null\nif [ $? != 0 ] ; then\n    # print error to STDERR\n    echo \"error: The sandbox is not in sync with the Podfile.lock. Run 'pod install' or update your CocoaPods installation.\" >&2\n    exit 1\nfi\n# This output is used by Xcode 'outputs' to avoid re-running this script phase.\necho \"SUCCESS\" > \"${SCRIPT_OUTPUT_FILE_0}\"\n";
			showEnvVarsInLog = 0;
		};
/* End PBXShellScriptBuildPhase section */

/* Begin PBXSourcesBuildPhase section */
		0ECBC3742583772F00DF612E /* Sources */ = {
			isa = PBXSourcesBuildPhase;
			buildActionMask = 2147483647;
			files = (
				0ED16D1125A0E04500304F5A /* GetTransactionWithFirestoreUseCase.swift in Sources */,
				0EB7633A25962BBA00BB4230 /* ProfileModel.swift in Sources */,
				0EB763302596239800BB4230 /* TransactionModel.swift in Sources */,
				0E484FC42594FCD500FDB46C /* SaveProfileWithDatabaseUseCase.swift in Sources */,
				0E6FB7D4258E623F009AD36E /* Transactions+CoreDataClass.swift in Sources */,
				0E484FCA2595016F00FDB46C /* GetProfileWithDatabaseCoreDataUseCase.swift in Sources */,
				0EAFCE85259793BB00D8A11F /* SaveTransactionUseCase.swift in Sources */,
				0ED16CED25A0600700304F5A /* ClearProfileWithDatabaseUseCase.swift in Sources */,
				0EAFCE7B2597878700D8A11F /* GetTransactionsUseCase.swift in Sources */,
				0EFF96532596EE8F0077BE4F /* DeleteTransactionWithDatabaseUseCase.swift in Sources */,
				0E2E047B2590C86A00F4A0E9 /* SaveTransactionsWirhDatabaseUseCase.swift in Sources */,
				0EAC458D258A4FCA00657C6F /* CoreDataManager.swift in Sources */,
				0E2E047F2590C87C00F4A0E9 /* GetTransactionsWithDatabaseUseCase.swift in Sources */,
				0EAC4592258A558C00657C6F /* Data.xcdatamodeld in Sources */,
				0EE757A8258BB15D002A5EFE /* Profile+CoreDataProperties.swift in Sources */,
				0EAC45A2258A585700657C6F /* CoreDataProvider.swift in Sources */,
				0EAFCE81259790DE00D8A11F /* DeleteTransactionUseCase.swift in Sources */,
				0EAFCE762597837800D8A11F /* TransactionsManager.swift in Sources */,
				0ED16D0B25A0719B00304F5A /* SaveTransactionWithFirestoreUseCase.swift in Sources */,
				0E6FB7D5258E623F009AD36E /* Transactions+CoreDataProperties.swift in Sources */,
				0EE757A7258BB15D002A5EFE /* Profile+CoreDataClass.swift in Sources */,
			);
			runOnlyForDeploymentPostprocessing = 0;
		};
		0ECBC37D2583773000DF612E /* Sources */ = {
			isa = PBXSourcesBuildPhase;
			buildActionMask = 2147483647;
			files = (
				0ECBC3872583773000DF612E /* DataTests.swift in Sources */,
			);
			runOnlyForDeploymentPostprocessing = 0;
		};
/* End PBXSourcesBuildPhase section */

/* Begin PBXTargetDependency section */
		0ECBC3842583773000DF612E /* PBXTargetDependency */ = {
			isa = PBXTargetDependency;
			target = 0ECBC3772583772F00DF612E /* Data */;
			targetProxy = 0ECBC3832583773000DF612E /* PBXContainerItemProxy */;
		};
/* End PBXTargetDependency section */

/* Begin XCBuildConfiguration section */
		0ECBC38A2583773000DF612E /* Debug */ = {
			isa = XCBuildConfiguration;
			buildSettings = {
				ALWAYS_SEARCH_USER_PATHS = NO;
				CLANG_ANALYZER_NONNULL = YES;
				CLANG_ANALYZER_NUMBER_OBJECT_CONVERSION = YES_AGGRESSIVE;
				CLANG_CXX_LANGUAGE_STANDARD = "gnu++14";
				CLANG_CXX_LIBRARY = "libc++";
				CLANG_ENABLE_MODULES = YES;
				CLANG_ENABLE_OBJC_ARC = YES;
				CLANG_ENABLE_OBJC_WEAK = YES;
				CLANG_WARN_BLOCK_CAPTURE_AUTORELEASING = YES;
				CLANG_WARN_BOOL_CONVERSION = YES;
				CLANG_WARN_COMMA = YES;
				CLANG_WARN_CONSTANT_CONVERSION = YES;
				CLANG_WARN_DEPRECATED_OBJC_IMPLEMENTATIONS = YES;
				CLANG_WARN_DIRECT_OBJC_ISA_USAGE = YES_ERROR;
				CLANG_WARN_DOCUMENTATION_COMMENTS = YES;
				CLANG_WARN_EMPTY_BODY = YES;
				CLANG_WARN_ENUM_CONVERSION = YES;
				CLANG_WARN_INFINITE_RECURSION = YES;
				CLANG_WARN_INT_CONVERSION = YES;
				CLANG_WARN_NON_LITERAL_NULL_CONVERSION = YES;
				CLANG_WARN_OBJC_IMPLICIT_RETAIN_SELF = YES;
				CLANG_WARN_OBJC_LITERAL_CONVERSION = YES;
				CLANG_WARN_OBJC_ROOT_CLASS = YES_ERROR;
				CLANG_WARN_QUOTED_INCLUDE_IN_FRAMEWORK_HEADER = YES;
				CLANG_WARN_RANGE_LOOP_ANALYSIS = YES;
				CLANG_WARN_STRICT_PROTOTYPES = YES;
				CLANG_WARN_SUSPICIOUS_MOVE = YES;
				CLANG_WARN_UNGUARDED_AVAILABILITY = YES_AGGRESSIVE;
				CLANG_WARN_UNREACHABLE_CODE = YES;
				CLANG_WARN__DUPLICATE_METHOD_MATCH = YES;
				COPY_PHASE_STRIP = NO;
				CURRENT_PROJECT_VERSION = 1;
				DEBUG_INFORMATION_FORMAT = dwarf;
				ENABLE_STRICT_OBJC_MSGSEND = YES;
				ENABLE_TESTABILITY = YES;
				GCC_C_LANGUAGE_STANDARD = gnu11;
				GCC_DYNAMIC_NO_PIC = NO;
				GCC_NO_COMMON_BLOCKS = YES;
				GCC_OPTIMIZATION_LEVEL = 0;
				GCC_PREPROCESSOR_DEFINITIONS = (
					"DEBUG=1",
					"$(inherited)",
				);
				GCC_WARN_64_TO_32_BIT_CONVERSION = YES;
				GCC_WARN_ABOUT_RETURN_TYPE = YES_ERROR;
				GCC_WARN_UNDECLARED_SELECTOR = YES;
				GCC_WARN_UNINITIALIZED_AUTOS = YES_AGGRESSIVE;
				GCC_WARN_UNUSED_FUNCTION = YES;
				GCC_WARN_UNUSED_VARIABLE = YES;
				IPHONEOS_DEPLOYMENT_TARGET = 14.2;
				MTL_ENABLE_DEBUG_INFO = INCLUDE_SOURCE;
				MTL_FAST_MATH = YES;
				ONLY_ACTIVE_ARCH = YES;
				SDKROOT = iphoneos;
				SWIFT_ACTIVE_COMPILATION_CONDITIONS = DEBUG;
				SWIFT_OPTIMIZATION_LEVEL = "-Onone";
				VERSIONING_SYSTEM = "apple-generic";
				VERSION_INFO_PREFIX = "";
			};
			name = Debug;
		};
		0ECBC38B2583773000DF612E /* Release */ = {
			isa = XCBuildConfiguration;
			buildSettings = {
				ALWAYS_SEARCH_USER_PATHS = NO;
				CLANG_ANALYZER_NONNULL = YES;
				CLANG_ANALYZER_NUMBER_OBJECT_CONVERSION = YES_AGGRESSIVE;
				CLANG_CXX_LANGUAGE_STANDARD = "gnu++14";
				CLANG_CXX_LIBRARY = "libc++";
				CLANG_ENABLE_MODULES = YES;
				CLANG_ENABLE_OBJC_ARC = YES;
				CLANG_ENABLE_OBJC_WEAK = YES;
				CLANG_WARN_BLOCK_CAPTURE_AUTORELEASING = YES;
				CLANG_WARN_BOOL_CONVERSION = YES;
				CLANG_WARN_COMMA = YES;
				CLANG_WARN_CONSTANT_CONVERSION = YES;
				CLANG_WARN_DEPRECATED_OBJC_IMPLEMENTATIONS = YES;
				CLANG_WARN_DIRECT_OBJC_ISA_USAGE = YES_ERROR;
				CLANG_WARN_DOCUMENTATION_COMMENTS = YES;
				CLANG_WARN_EMPTY_BODY = YES;
				CLANG_WARN_ENUM_CONVERSION = YES;
				CLANG_WARN_INFINITE_RECURSION = YES;
				CLANG_WARN_INT_CONVERSION = YES;
				CLANG_WARN_NON_LITERAL_NULL_CONVERSION = YES;
				CLANG_WARN_OBJC_IMPLICIT_RETAIN_SELF = YES;
				CLANG_WARN_OBJC_LITERAL_CONVERSION = YES;
				CLANG_WARN_OBJC_ROOT_CLASS = YES_ERROR;
				CLANG_WARN_QUOTED_INCLUDE_IN_FRAMEWORK_HEADER = YES;
				CLANG_WARN_RANGE_LOOP_ANALYSIS = YES;
				CLANG_WARN_STRICT_PROTOTYPES = YES;
				CLANG_WARN_SUSPICIOUS_MOVE = YES;
				CLANG_WARN_UNGUARDED_AVAILABILITY = YES_AGGRESSIVE;
				CLANG_WARN_UNREACHABLE_CODE = YES;
				CLANG_WARN__DUPLICATE_METHOD_MATCH = YES;
				COPY_PHASE_STRIP = NO;
				CURRENT_PROJECT_VERSION = 1;
				DEBUG_INFORMATION_FORMAT = "dwarf-with-dsym";
				ENABLE_NS_ASSERTIONS = NO;
				ENABLE_STRICT_OBJC_MSGSEND = YES;
				GCC_C_LANGUAGE_STANDARD = gnu11;
				GCC_NO_COMMON_BLOCKS = YES;
				GCC_WARN_64_TO_32_BIT_CONVERSION = YES;
				GCC_WARN_ABOUT_RETURN_TYPE = YES_ERROR;
				GCC_WARN_UNDECLARED_SELECTOR = YES;
				GCC_WARN_UNINITIALIZED_AUTOS = YES_AGGRESSIVE;
				GCC_WARN_UNUSED_FUNCTION = YES;
				GCC_WARN_UNUSED_VARIABLE = YES;
				IPHONEOS_DEPLOYMENT_TARGET = 14.2;
				MTL_ENABLE_DEBUG_INFO = NO;
				MTL_FAST_MATH = YES;
				SDKROOT = iphoneos;
				SWIFT_COMPILATION_MODE = wholemodule;
				SWIFT_OPTIMIZATION_LEVEL = "-O";
				VALIDATE_PRODUCT = YES;
				VERSIONING_SYSTEM = "apple-generic";
				VERSION_INFO_PREFIX = "";
			};
			name = Release;
		};
		0ECBC38D2583773000DF612E /* Debug */ = {
			isa = XCBuildConfiguration;
			baseConfigurationReference = C48273ACB895E7DF03125EFC /* Pods-Data.debug.xcconfig */;
			buildSettings = {
				CLANG_ENABLE_MODULES = YES;
				CODE_SIGN_STYLE = Automatic;
				DEFINES_MODULE = YES;
				DEVELOPMENT_TEAM = KZ85HFXP47;
				DYLIB_COMPATIBILITY_VERSION = 1;
				DYLIB_CURRENT_VERSION = 1;
				DYLIB_INSTALL_NAME_BASE = "@rpath";
				INFOPLIST_FILE = Data/Info.plist;
				INSTALL_PATH = "$(LOCAL_LIBRARY_DIR)/Frameworks";
				IPHONEOS_DEPLOYMENT_TARGET = 14.0;
				LD_RUNPATH_SEARCH_PATHS = (
					"$(inherited)",
					"@executable_path/Frameworks",
					"@loader_path/Frameworks",
				);
				PRODUCT_BUNDLE_IDENTIFIER = com.rolland.Data;
				PRODUCT_NAME = "$(TARGET_NAME:c99extidentifier)";
				SKIP_INSTALL = YES;
				SWIFT_OPTIMIZATION_LEVEL = "-Onone";
				SWIFT_VERSION = 5.0;
				TARGETED_DEVICE_FAMILY = "1,2";
			};
			name = Debug;
		};
		0ECBC38E2583773000DF612E /* Release */ = {
			isa = XCBuildConfiguration;
			baseConfigurationReference = B3B1F4F43BD64BB94E16EFF6 /* Pods-Data.release.xcconfig */;
			buildSettings = {
				CLANG_ENABLE_MODULES = YES;
				CODE_SIGN_STYLE = Automatic;
				DEFINES_MODULE = YES;
				DEVELOPMENT_TEAM = KZ85HFXP47;
				DYLIB_COMPATIBILITY_VERSION = 1;
				DYLIB_CURRENT_VERSION = 1;
				DYLIB_INSTALL_NAME_BASE = "@rpath";
				INFOPLIST_FILE = Data/Info.plist;
				INSTALL_PATH = "$(LOCAL_LIBRARY_DIR)/Frameworks";
				IPHONEOS_DEPLOYMENT_TARGET = 14.0;
				LD_RUNPATH_SEARCH_PATHS = (
					"$(inherited)",
					"@executable_path/Frameworks",
					"@loader_path/Frameworks",
				);
				PRODUCT_BUNDLE_IDENTIFIER = com.rolland.Data;
				PRODUCT_NAME = "$(TARGET_NAME:c99extidentifier)";
				SKIP_INSTALL = YES;
				SWIFT_VERSION = 5.0;
				TARGETED_DEVICE_FAMILY = "1,2";
			};
			name = Release;
		};
		0ECBC3902583773000DF612E /* Debug */ = {
			isa = XCBuildConfiguration;
			buildSettings = {
				ALWAYS_EMBED_SWIFT_STANDARD_LIBRARIES = YES;
				CODE_SIGN_STYLE = Automatic;
				DEVELOPMENT_TEAM = KZ85HFXP47;
				INFOPLIST_FILE = DataTests/Info.plist;
				LD_RUNPATH_SEARCH_PATHS = (
					"$(inherited)",
					"@executable_path/Frameworks",
					"@loader_path/Frameworks",
				);
				PRODUCT_BUNDLE_IDENTIFIER = com.rolland.DataTests;
				PRODUCT_NAME = "$(TARGET_NAME)";
				SWIFT_VERSION = 5.0;
				TARGETED_DEVICE_FAMILY = "1,2";
			};
			name = Debug;
		};
		0ECBC3912583773000DF612E /* Release */ = {
			isa = XCBuildConfiguration;
			buildSettings = {
				ALWAYS_EMBED_SWIFT_STANDARD_LIBRARIES = YES;
				CODE_SIGN_STYLE = Automatic;
				DEVELOPMENT_TEAM = KZ85HFXP47;
				INFOPLIST_FILE = DataTests/Info.plist;
				LD_RUNPATH_SEARCH_PATHS = (
					"$(inherited)",
					"@executable_path/Frameworks",
					"@loader_path/Frameworks",
				);
				PRODUCT_BUNDLE_IDENTIFIER = com.rolland.DataTests;
				PRODUCT_NAME = "$(TARGET_NAME)";
				SWIFT_VERSION = 5.0;
				TARGETED_DEVICE_FAMILY = "1,2";
			};
			name = Release;
		};
/* End XCBuildConfiguration section */

/* Begin XCConfigurationList section */
		0ECBC3722583772F00DF612E /* Build configuration list for PBXProject "Data" */ = {
			isa = XCConfigurationList;
			buildConfigurations = (
				0ECBC38A2583773000DF612E /* Debug */,
				0ECBC38B2583773000DF612E /* Release */,
			);
			defaultConfigurationIsVisible = 0;
			defaultConfigurationName = Release;
		};
		0ECBC38C2583773000DF612E /* Build configuration list for PBXNativeTarget "Data" */ = {
			isa = XCConfigurationList;
			buildConfigurations = (
				0ECBC38D2583773000DF612E /* Debug */,
				0ECBC38E2583773000DF612E /* Release */,
			);
			defaultConfigurationIsVisible = 0;
			defaultConfigurationName = Release;
		};
		0ECBC38F2583773000DF612E /* Build configuration list for PBXNativeTarget "DataTests" */ = {
			isa = XCConfigurationList;
			buildConfigurations = (
				0ECBC3902583773000DF612E /* Debug */,
				0ECBC3912583773000DF612E /* Release */,
			);
			defaultConfigurationIsVisible = 0;
			defaultConfigurationName = Release;
		};
/* End XCConfigurationList section */

/* Begin XCVersionGroup section */
		0EAC4590258A558C00657C6F /* Data.xcdatamodeld */ = {
			isa = XCVersionGroup;
			children = (
				0EAC4591258A558C00657C6F /* Data.xcdatamodel */,
			);
			currentVersion = 0EAC4591258A558C00657C6F /* Data.xcdatamodel */;
			path = Data.xcdatamodeld;
			sourceTree = "<group>";
			versionGroupType = wrapper.xcdatamodel;
		};
/* End XCVersionGroup section */
	};
	rootObject = 0ECBC36F2583772F00DF612E /* Project object */;
}
